// !$*UTF8*$!
{
	archiveVersion = 1;
	classes = {
	};
	objectVersion = 77;
	objects = {

/* Begin PBXBuildFile section */
		24F8C9A82E0EBC850005E9E1 /* AppDelegate.swift in Sources */ = {isa = PBXBuildFile; fileRef = 24F8C99E2E0EBC850005E9E1 /* AppDelegate.swift */; };
		24F8C9A92E0EBC850005E9E1 /* SceneDelegate.swift in Sources */ = {isa = PBXBuildFile; fileRef = 24F8C9A52E0EBC850005E9E1 /* SceneDelegate.swift */; };
		24F8C9AB2E0EBC850005E9E1 /* Images.xcassets in Resources */ = {isa = PBXBuildFile; fileRef = 24F8C99F2E0EBC850005E9E1 /* Images.xcassets */; };
		24F8C9AD2E0EBC850005E9E1 /* LaunchScreen.storyboard in Resources */ = {isa = PBXBuildFile; fileRef = 24F8C9A22E0EBC850005E9E1 /* LaunchScreen.storyboard */; };
		24F8C9B22E0EBCDA0005E9E1 /* Colors.xcassets in Resources */ = {isa = PBXBuildFile; fileRef = 24F8C9B12E0EBCDA0005E9E1 /* Colors.xcassets */; };
		24F8C9B72E0EBD330005E9E1 /* AppConstants.swift in Sources */ = {isa = PBXBuildFile; fileRef = 24F8C9B62E0EBD2B0005E9E1 /* AppConstants.swift */; };
		24F8C9BF2E0EBDD20005E9E1 /* AppContext.swift in Sources */ = {isa = PBXBuildFile; fileRef = 24F8C9BE2E0EBDD10005E9E1 /* AppContext.swift */; };
		24F8C9C72E0EC0470005E9E1 /* CombinableViewModel.swift in Sources */ = {isa = PBXBuildFile; fileRef = 24F8C9C62E0EC0420005E9E1 /* CombinableViewModel.swift */; };
		24F8C9C92E0EC05D0005E9E1 /* CancelBag.swift in Sources */ = {isa = PBXBuildFile; fileRef = 24F8C9C82E0EC05B0005E9E1 /* CancelBag.swift */; };
		24F8C9CB2E0EC0890005E9E1 /* RootRouter.swift in Sources */ = {isa = PBXBuildFile; fileRef = 24F8C9CA2E0EC0840005E9E1 /* RootRouter.swift */; };
		24F8C9CD2E0EC0910005E9E1 /* RootBuilder.swift in Sources */ = {isa = PBXBuildFile; fileRef = 24F8C9CC2E0EC08D0005E9E1 /* RootBuilder.swift */; };
		24F8C9CF2E0EC09C0005E9E1 /* RootViewController.swift in Sources */ = {isa = PBXBuildFile; fileRef = 24F8C9CE2E0EC0990005E9E1 /* RootViewController.swift */; };
		24F8C9D12E0EC0A30005E9E1 /* RootViewModel.swift in Sources */ = {isa = PBXBuildFile; fileRef = 24F8C9D02E0EC09F0005E9E1 /* RootViewModel.swift */; };
		24F8C9D32E0EC1760005E9E1 /* Transformer.swift in Sources */ = {isa = PBXBuildFile; fileRef = 24F8C9D22E0EC1730005E9E1 /* Transformer.swift */; };
		24F8C9D52E0EC19A0005E9E1 /* ReuseIdentifiable.swift in Sources */ = {isa = PBXBuildFile; fileRef = 24F8C9D42E0EC1990005E9E1 /* ReuseIdentifiable.swift */; };
		24F8C9D82E0EC21C0005E9E1 /* Combine+Extensions.swift in Sources */ = {isa = PBXBuildFile; fileRef = 24F8C9D72E0EC21B0005E9E1 /* Combine+Extensions.swift */; };
		24F8C9E12E0ED1FA0005E9E1 /* DashboardRouter.swift in Sources */ = {isa = PBXBuildFile; fileRef = 24F8C9DE2E0ED1FA0005E9E1 /* DashboardRouter.swift */; };
		24F8C9E22E0ED1FA0005E9E1 /* DashboardViewController.swift in Sources */ = {isa = PBXBuildFile; fileRef = 24F8C9DF2E0ED1FA0005E9E1 /* DashboardViewController.swift */; };
		24F8C9E32E0ED1FA0005E9E1 /* DashboardViewModel.swift in Sources */ = {isa = PBXBuildFile; fileRef = 24F8C9E02E0ED1FA0005E9E1 /* DashboardViewModel.swift */; };
		24F8C9E52E0ED1FA0005E9E1 /* DashboardBuilder.swift in Sources */ = {isa = PBXBuildFile; fileRef = 24F8C9DC2E0ED1FA0005E9E1 /* DashboardBuilder.swift */; };
		24F8C9ED2E0ED6BA0005E9E1 /* HomeBuilder.swift in Sources */ = {isa = PBXBuildFile; fileRef = 24F8C9EC2E0ED6BA0005E9E1 /* HomeBuilder.swift */; };
		24F8C9EE2E0ED6BA0005E9E1 /* HomeRouter.swift in Sources */ = {isa = PBXBuildFile; fileRef = 24F8C9EB2E0ED6BA0005E9E1 /* HomeRouter.swift */; };
		24F8C9EF2E0ED6BA0005E9E1 /* HomeViewController.swift in Sources */ = {isa = PBXBuildFile; fileRef = 24F8C9EA2E0ED6BA0005E9E1 /* HomeViewController.swift */; };
		24F8C9F02E0ED6BA0005E9E1 /* HomeViewModel.swift in Sources */ = {isa = PBXBuildFile; fileRef = 24F8C9E92E0ED6BA0005E9E1 /* HomeViewModel.swift */; };
		24F8C9F52E0ED8750005E9E1 /* FavoritesRouter.swift in Sources */ = {isa = PBXBuildFile; fileRef = 24F8C9F32E0ED8750005E9E1 /* FavoritesRouter.swift */; };
		24F8C9F62E0ED8750005E9E1 /* FavoritesViewModel.swift in Sources */ = {isa = PBXBuildFile; fileRef = 24F8C9F12E0ED8750005E9E1 /* FavoritesViewModel.swift */; };
		24F8C9F72E0ED8750005E9E1 /* FavoritesViewController.swift in Sources */ = {isa = PBXBuildFile; fileRef = 24F8C9F22E0ED8750005E9E1 /* FavoritesViewController.swift */; };
		24F8C9F82E0ED8750005E9E1 /* FavoritesBuilder.swift in Sources */ = {isa = PBXBuildFile; fileRef = 24F8C9F42E0ED8750005E9E1 /* FavoritesBuilder.swift */; };
		24F8C9FB2E0EE1950005E9E1 /* CoinsTargetType.swift in Sources */ = {isa = PBXBuildFile; fileRef = 24F8C9FA2E0EE18D0005E9E1 /* CoinsTargetType.swift */; };
		24F8C9FD2E0EE2530005E9E1 /* APIError.swift in Sources */ = {isa = PBXBuildFile; fileRef = 24F8C9FC2E0EE2500005E9E1 /* APIError.swift */; };
		24F8C9FF2E0EE2630005E9E1 /* CoinsAPIService.swift in Sources */ = {isa = PBXBuildFile; fileRef = 24F8C9FE2E0EE25C0005E9E1 /* CoinsAPIService.swift */; };
		24F8CA032E0EFD1E0005E9E1 /* CoinModel.swift in Sources */ = {isa = PBXBuildFile; fileRef = 24F8CA022E0EFD1A0005E9E1 /* CoinModel.swift */; };
		24F8CA052E0EFED90005E9E1 /* CoinsRepository.swift in Sources */ = {isa = PBXBuildFile; fileRef = 24F8CA042E0EFED50005E9E1 /* CoinsRepository.swift */; };
		24F8CA072E0F060F0005E9E1 /* AlertType.swift in Sources */ = {isa = PBXBuildFile; fileRef = 24F8CA062E0F060B0005E9E1 /* AlertType.swift */; };
		24F8CA092E0F08F10005E9E1 /* UIViewController+Extensions.swift in Sources */ = {isa = PBXBuildFile; fileRef = 24F8CA082E0F08EA0005E9E1 /* UIViewController+Extensions.swift */; };
		24F8CA0C2E0F14420005E9E1 /* HomeCoinTableViewCell.swift in Sources */ = {isa = PBXBuildFile; fileRef = 24F8CA0B2E0F14330005E9E1 /* HomeCoinTableViewCell.swift */; };
		24F8CA0E2E0F18410005E9E1 /* SearchView.swift in Sources */ = {isa = PBXBuildFile; fileRef = 24F8CA0D2E0F183F0005E9E1 /* SearchView.swift */; };
		24F8CA102E0FD41A0005E9E1 /* SearchCoin.swift in Sources */ = {isa = PBXBuildFile; fileRef = 24F8CA0F2E0FD4100005E9E1 /* SearchCoin.swift */; };
		24F8CA122E0FDC390005E9E1 /* CoinPrice.swift in Sources */ = {isa = PBXBuildFile; fileRef = 24F8CA112E0FDC340005E9E1 /* CoinPrice.swift */; };
		24F8CA152E0FEE690005E9E1 /* CoinCash.swift in Sources */ = {isa = PBXBuildFile; fileRef = 24F8CA142E0FEE650005E9E1 /* CoinCash.swift */; };
		24F8CA182E0FF8CF0005E9E1 /* CoinCacheWrapper.swift in Sources */ = {isa = PBXBuildFile; fileRef = 24F8CA172E0FF8CE0005E9E1 /* CoinCacheWrapper.swift */; };
		24F8CA1A2E1016F10005E9E1 /* SortOptionType.swift in Sources */ = {isa = PBXBuildFile; fileRef = 24F8CA192E1016EA0005E9E1 /* SortOptionType.swift */; };
		24F8CA1C2E10171C0005E9E1 /* FilterOptionType.swift in Sources */ = {isa = PBXBuildFile; fileRef = 24F8CA1B2E1017160005E9E1 /* FilterOptionType.swift */; };
		24F8CA1E2E1038810005E9E1 /* FavoritesStore.swift in Sources */ = {isa = PBXBuildFile; fileRef = 24F8CA1D2E10387F0005E9E1 /* FavoritesStore.swift */; };
		24F8CA202E103BCC0005E9E1 /* CoinUIModel.swift in Sources */ = {isa = PBXBuildFile; fileRef = 24F8CA1F2E103BC80005E9E1 /* CoinUIModel.swift */; };
		24F8CA232E1066DD0005E9E1 /* FavoritesCoinTableViewCell.swift in Sources */ = {isa = PBXBuildFile; fileRef = 24F8CA222E1066D20005E9E1 /* FavoritesCoinTableViewCell.swift */; };
		24F8CA252E11C1320005E9E1 /* CoinSortingService.swift in Sources */ = {isa = PBXBuildFile; fileRef = 24F8CA242E11C12A0005E9E1 /* CoinSortingService.swift */; };
		24F8CA272E11C1990005E9E1 /* CoinFilteringService.swift in Sources */ = {isa = PBXBuildFile; fileRef = 24F8CA262E11C18C0005E9E1 /* CoinFilteringService.swift */; };
		891998D89251E4C36DEB714E /* Pods_CryptoTracker.framework in Frameworks */ = {isa = PBXBuildFile; fileRef = 9F2C0088F1C5E540CE0DCD24 /* Pods_CryptoTracker.framework */; };
/* End PBXBuildFile section */

/* Begin PBXFileReference section */
		0476C91DBEFE9B0D092363A5 /* Pods-CryptoTracker.debug.xcconfig */ = {isa = PBXFileReference; includeInIndex = 1; lastKnownFileType = text.xcconfig; name = "Pods-CryptoTracker.debug.xcconfig"; path = "Target Support Files/Pods-CryptoTracker/Pods-CryptoTracker.debug.xcconfig"; sourceTree = "<group>"; };
		24F8C9762E0EB9A10005E9E1 /* CryptoTracker.app */ = {isa = PBXFileReference; explicitFileType = wrapper.application; includeInIndex = 0; path = CryptoTracker.app; sourceTree = BUILT_PRODUCTS_DIR; };
		24F8C99E2E0EBC850005E9E1 /* AppDelegate.swift */ = {isa = PBXFileReference; lastKnownFileType = sourcecode.swift; path = AppDelegate.swift; sourceTree = "<group>"; };
		24F8C99F2E0EBC850005E9E1 /* Images.xcassets */ = {isa = PBXFileReference; lastKnownFileType = folder.assetcatalog; path = Images.xcassets; sourceTree = "<group>"; };
		24F8C9A02E0EBC850005E9E1 /* Info.plist */ = {isa = PBXFileReference; lastKnownFileType = text.plist.xml; path = Info.plist; sourceTree = "<group>"; };
		24F8C9A12E0EBC850005E9E1 /* Base */ = {isa = PBXFileReference; lastKnownFileType = file.storyboard; name = Base; path = Base.lproj/LaunchScreen.storyboard; sourceTree = "<group>"; };
		24F8C9A52E0EBC850005E9E1 /* SceneDelegate.swift */ = {isa = PBXFileReference; lastKnownFileType = sourcecode.swift; path = SceneDelegate.swift; sourceTree = "<group>"; };
		24F8C9B12E0EBCDA0005E9E1 /* Colors.xcassets */ = {isa = PBXFileReference; lastKnownFileType = folder.assetcatalog; path = Colors.xcassets; sourceTree = "<group>"; };
		24F8C9B62E0EBD2B0005E9E1 /* AppConstants.swift */ = {isa = PBXFileReference; lastKnownFileType = sourcecode.swift; path = AppConstants.swift; sourceTree = "<group>"; };
		24F8C9BE2E0EBDD10005E9E1 /* AppContext.swift */ = {isa = PBXFileReference; lastKnownFileType = sourcecode.swift; path = AppContext.swift; sourceTree = "<group>"; };
		24F8C9C62E0EC0420005E9E1 /* CombinableViewModel.swift */ = {isa = PBXFileReference; lastKnownFileType = sourcecode.swift; path = CombinableViewModel.swift; sourceTree = "<group>"; };
		24F8C9C82E0EC05B0005E9E1 /* CancelBag.swift */ = {isa = PBXFileReference; lastKnownFileType = sourcecode.swift; path = CancelBag.swift; sourceTree = "<group>"; };
		24F8C9CA2E0EC0840005E9E1 /* RootRouter.swift */ = {isa = PBXFileReference; lastKnownFileType = sourcecode.swift; path = RootRouter.swift; sourceTree = "<group>"; };
		24F8C9CC2E0EC08D0005E9E1 /* RootBuilder.swift */ = {isa = PBXFileReference; lastKnownFileType = sourcecode.swift; path = RootBuilder.swift; sourceTree = "<group>"; };
		24F8C9CE2E0EC0990005E9E1 /* RootViewController.swift */ = {isa = PBXFileReference; lastKnownFileType = sourcecode.swift; path = RootViewController.swift; sourceTree = "<group>"; };
		24F8C9D02E0EC09F0005E9E1 /* RootViewModel.swift */ = {isa = PBXFileReference; lastKnownFileType = sourcecode.swift; path = RootViewModel.swift; sourceTree = "<group>"; };
		24F8C9D22E0EC1730005E9E1 /* Transformer.swift */ = {isa = PBXFileReference; lastKnownFileType = sourcecode.swift; path = Transformer.swift; sourceTree = "<group>"; };
		24F8C9D42E0EC1990005E9E1 /* ReuseIdentifiable.swift */ = {isa = PBXFileReference; lastKnownFileType = sourcecode.swift; path = ReuseIdentifiable.swift; sourceTree = "<group>"; };
		24F8C9D72E0EC21B0005E9E1 /* Combine+Extensions.swift */ = {isa = PBXFileReference; lastKnownFileType = sourcecode.swift; path = "Combine+Extensions.swift"; sourceTree = "<group>"; };
		24F8C9DC2E0ED1FA0005E9E1 /* DashboardBuilder.swift */ = {isa = PBXFileReference; lastKnownFileType = sourcecode.swift; path = DashboardBuilder.swift; sourceTree = "<group>"; };
		24F8C9DE2E0ED1FA0005E9E1 /* DashboardRouter.swift */ = {isa = PBXFileReference; lastKnownFileType = sourcecode.swift; path = DashboardRouter.swift; sourceTree = "<group>"; };
		24F8C9DF2E0ED1FA0005E9E1 /* DashboardViewController.swift */ = {isa = PBXFileReference; lastKnownFileType = sourcecode.swift; path = DashboardViewController.swift; sourceTree = "<group>"; };
		24F8C9E02E0ED1FA0005E9E1 /* DashboardViewModel.swift */ = {isa = PBXFileReference; lastKnownFileType = sourcecode.swift; path = DashboardViewModel.swift; sourceTree = "<group>"; };
		24F8C9E92E0ED6BA0005E9E1 /* HomeViewModel.swift */ = {isa = PBXFileReference; lastKnownFileType = sourcecode.swift; path = HomeViewModel.swift; sourceTree = "<group>"; };
		24F8C9EA2E0ED6BA0005E9E1 /* HomeViewController.swift */ = {isa = PBXFileReference; lastKnownFileType = sourcecode.swift; path = HomeViewController.swift; sourceTree = "<group>"; };
		24F8C9EB2E0ED6BA0005E9E1 /* HomeRouter.swift */ = {isa = PBXFileReference; lastKnownFileType = sourcecode.swift; path = HomeRouter.swift; sourceTree = "<group>"; };
		24F8C9EC2E0ED6BA0005E9E1 /* HomeBuilder.swift */ = {isa = PBXFileReference; lastKnownFileType = sourcecode.swift; path = HomeBuilder.swift; sourceTree = "<group>"; };
		24F8C9F12E0ED8750005E9E1 /* FavoritesViewModel.swift */ = {isa = PBXFileReference; lastKnownFileType = sourcecode.swift; path = FavoritesViewModel.swift; sourceTree = "<group>"; };
		24F8C9F22E0ED8750005E9E1 /* FavoritesViewController.swift */ = {isa = PBXFileReference; lastKnownFileType = sourcecode.swift; path = FavoritesViewController.swift; sourceTree = "<group>"; };
		24F8C9F32E0ED8750005E9E1 /* FavoritesRouter.swift */ = {isa = PBXFileReference; lastKnownFileType = sourcecode.swift; path = FavoritesRouter.swift; sourceTree = "<group>"; };
		24F8C9F42E0ED8750005E9E1 /* FavoritesBuilder.swift */ = {isa = PBXFileReference; lastKnownFileType = sourcecode.swift; path = FavoritesBuilder.swift; sourceTree = "<group>"; };
		24F8C9FA2E0EE18D0005E9E1 /* CoinsTargetType.swift */ = {isa = PBXFileReference; lastKnownFileType = sourcecode.swift; path = CoinsTargetType.swift; sourceTree = "<group>"; };
		24F8C9FC2E0EE2500005E9E1 /* APIError.swift */ = {isa = PBXFileReference; lastKnownFileType = sourcecode.swift; path = APIError.swift; sourceTree = "<group>"; };
		24F8C9FE2E0EE25C0005E9E1 /* CoinsAPIService.swift */ = {isa = PBXFileReference; lastKnownFileType = sourcecode.swift; path = CoinsAPIService.swift; sourceTree = "<group>"; };
		24F8CA022E0EFD1A0005E9E1 /* CoinModel.swift */ = {isa = PBXFileReference; lastKnownFileType = sourcecode.swift; path = CoinModel.swift; sourceTree = "<group>"; };
		24F8CA042E0EFED50005E9E1 /* CoinsRepository.swift */ = {isa = PBXFileReference; lastKnownFileType = sourcecode.swift; path = CoinsRepository.swift; sourceTree = "<group>"; };
		24F8CA062E0F060B0005E9E1 /* AlertType.swift */ = {isa = PBXFileReference; lastKnownFileType = sourcecode.swift; path = AlertType.swift; sourceTree = "<group>"; };
		24F8CA082E0F08EA0005E9E1 /* UIViewController+Extensions.swift */ = {isa = PBXFileReference; lastKnownFileType = sourcecode.swift; path = "UIViewController+Extensions.swift"; sourceTree = "<group>"; };
		24F8CA0B2E0F14330005E9E1 /* HomeCoinTableViewCell.swift */ = {isa = PBXFileReference; lastKnownFileType = sourcecode.swift; path = HomeCoinTableViewCell.swift; sourceTree = "<group>"; };
		24F8CA0D2E0F183F0005E9E1 /* SearchView.swift */ = {isa = PBXFileReference; lastKnownFileType = sourcecode.swift; path = SearchView.swift; sourceTree = "<group>"; };
		24F8CA0F2E0FD4100005E9E1 /* SearchCoin.swift */ = {isa = PBXFileReference; lastKnownFileType = sourcecode.swift; path = SearchCoin.swift; sourceTree = "<group>"; };
		24F8CA112E0FDC340005E9E1 /* CoinPrice.swift */ = {isa = PBXFileReference; lastKnownFileType = sourcecode.swift; path = CoinPrice.swift; sourceTree = "<group>"; };
		24F8CA142E0FEE650005E9E1 /* CoinCash.swift */ = {isa = PBXFileReference; lastKnownFileType = sourcecode.swift; path = CoinCash.swift; sourceTree = "<group>"; };
		24F8CA172E0FF8CE0005E9E1 /* CoinCacheWrapper.swift */ = {isa = PBXFileReference; lastKnownFileType = sourcecode.swift; path = CoinCacheWrapper.swift; sourceTree = "<group>"; };
		24F8CA192E1016EA0005E9E1 /* SortOptionType.swift */ = {isa = PBXFileReference; lastKnownFileType = sourcecode.swift; path = SortOptionType.swift; sourceTree = "<group>"; };
		24F8CA1B2E1017160005E9E1 /* FilterOptionType.swift */ = {isa = PBXFileReference; lastKnownFileType = sourcecode.swift; path = FilterOptionType.swift; sourceTree = "<group>"; };
		24F8CA1D2E10387F0005E9E1 /* FavoritesStore.swift */ = {isa = PBXFileReference; lastKnownFileType = sourcecode.swift; path = FavoritesStore.swift; sourceTree = "<group>"; };
		24F8CA1F2E103BC80005E9E1 /* CoinUIModel.swift */ = {isa = PBXFileReference; lastKnownFileType = sourcecode.swift; path = CoinUIModel.swift; sourceTree = "<group>"; };
		24F8CA222E1066D20005E9E1 /* FavoritesCoinTableViewCell.swift */ = {isa = PBXFileReference; lastKnownFileType = sourcecode.swift; path = FavoritesCoinTableViewCell.swift; sourceTree = "<group>"; };
		24F8CA242E11C12A0005E9E1 /* CoinSortingService.swift */ = {isa = PBXFileReference; lastKnownFileType = sourcecode.swift; path = CoinSortingService.swift; sourceTree = "<group>"; };
		24F8CA262E11C18C0005E9E1 /* CoinFilteringService.swift */ = {isa = PBXFileReference; lastKnownFileType = sourcecode.swift; path = CoinFilteringService.swift; sourceTree = "<group>"; };
		9D82505E230373A2EBD85E8A /* Pods-CryptoTracker.release.xcconfig */ = {isa = PBXFileReference; includeInIndex = 1; lastKnownFileType = text.xcconfig; name = "Pods-CryptoTracker.release.xcconfig"; path = "Target Support Files/Pods-CryptoTracker/Pods-CryptoTracker.release.xcconfig"; sourceTree = "<group>"; };
		9F2C0088F1C5E540CE0DCD24 /* Pods_CryptoTracker.framework */ = {isa = PBXFileReference; explicitFileType = wrapper.framework; includeInIndex = 0; path = Pods_CryptoTracker.framework; sourceTree = BUILT_PRODUCTS_DIR; };
/* End PBXFileReference section */

/* Begin PBXFrameworksBuildPhase section */
		24F8C9732E0EB9A10005E9E1 /* Frameworks */ = {
			isa = PBXFrameworksBuildPhase;
			buildActionMask = 2147483647;
			files = (
				891998D89251E4C36DEB714E /* Pods_CryptoTracker.framework in Frameworks */,
			);
			runOnlyForDeploymentPostprocessing = 0;
		};
/* End PBXFrameworksBuildPhase section */

/* Begin PBXGroup section */
		24F8C96D2E0EB9A10005E9E1 = {
			isa = PBXGroup;
			children = (
				24F8C9A72E0EBC850005E9E1 /* CryptoTracker */,
				24F8C9772E0EB9A10005E9E1 /* Products */,
				7F88A1E984F34868EB9CCDD1 /* Pods */,
				59C2E4668D2F27DF9D5E6D85 /* Frameworks */,
			);
			sourceTree = "<group>";
		};
		24F8C9772E0EB9A10005E9E1 /* Products */ = {
			isa = PBXGroup;
			children = (
				24F8C9762E0EB9A10005E9E1 /* CryptoTracker.app */,
			);
			name = Products;
			sourceTree = "<group>";
		};
		24F8C9A72E0EBC850005E9E1 /* CryptoTracker */ = {
			isa = PBXGroup;
			children = (
				24F8C9AF2E0EBC930005E9E1 /* App */,
				24F8C9B02E0EBCBE0005E9E1 /* Resources */,
				24F8C9B82E0EBD450005E9E1 /* Data */,
				24F8C9B92E0EBD4B0005E9E1 /* Domain */,
				24F8C9C02E0EBDEC0005E9E1 /* Presentation */,
				24F8C9B42E0EBCF00005E9E1 /* Extensions */,
				24F8C9B32E0EBCEA0005E9E1 /* Utils */,
				24F8C9A02E0EBC850005E9E1 /* Info.plist */,
			);
			path = CryptoTracker;
			sourceTree = "<group>";
		};
		24F8C9AF2E0EBC930005E9E1 /* App */ = {
			isa = PBXGroup;
			children = (
				24F8C9BE2E0EBDD10005E9E1 /* AppContext.swift */,
				24F8C99E2E0EBC850005E9E1 /* AppDelegate.swift */,
				24F8C9A52E0EBC850005E9E1 /* SceneDelegate.swift */,
			);
			path = App;
			sourceTree = "<group>";
		};
		24F8C9B02E0EBCBE0005E9E1 /* Resources */ = {
			isa = PBXGroup;
			children = (
				24F8C9B62E0EBD2B0005E9E1 /* AppConstants.swift */,
				24F8C9B52E0EBD1D0005E9E1 /* Assets */,
			);
			path = Resources;
			sourceTree = "<group>";
		};
		24F8C9B32E0EBCEA0005E9E1 /* Utils */ = {
			isa = PBXGroup;
			children = (
				24F8C9D42E0EC1990005E9E1 /* ReuseIdentifiable.swift */,
				24F8C9C52E0EC03D0005E9E1 /* Combine */,
			);
			path = Utils;
			sourceTree = "<group>";
		};
		24F8C9B42E0EBCF00005E9E1 /* Extensions */ = {
			isa = PBXGroup;
			children = (
				24F8CA082E0F08EA0005E9E1 /* UIViewController+Extensions.swift */,
				24F8C9D62E0EC2170005E9E1 /* Combine */,
			);
			path = Extensions;
			sourceTree = "<group>";
		};
		24F8C9B52E0EBD1D0005E9E1 /* Assets */ = {
			isa = PBXGroup;
			children = (
				24F8C99F2E0EBC850005E9E1 /* Images.xcassets */,
				24F8C9B12E0EBCDA0005E9E1 /* Colors.xcassets */,
			);
			path = Assets;
			sourceTree = "<group>";
		};
		24F8C9B82E0EBD450005E9E1 /* Data */ = {
			isa = PBXGroup;
			children = (
				24F8C9BA2E0EBD5A0005E9E1 /* Entities */,
				24F8CA132E0FEE590005E9E1 /* Services */,
			);
			path = Data;
			sourceTree = "<group>";
		};
		24F8C9B92E0EBD4B0005E9E1 /* Domain */ = {
			isa = PBXGroup;
			children = (
				24F8C9BB2E0EBD740005E9E1 /* Entities */,
				24F8C9BC2E0EBD800005E9E1 /* Services */,
				24F8C9BD2E0EBD8A0005E9E1 /* Repositories */,
			);
			path = Domain;
			sourceTree = "<group>";
		};
		24F8C9BA2E0EBD5A0005E9E1 /* Entities */ = {
			isa = PBXGroup;
			children = (
				24F8CA1F2E103BC80005E9E1 /* CoinUIModel.swift */,
				24F8CA172E0FF8CE0005E9E1 /* CoinCacheWrapper.swift */,
				24F8CA192E1016EA0005E9E1 /* SortOptionType.swift */,
				24F8CA1B2E1017160005E9E1 /* FilterOptionType.swift */,
			);
			path = Entities;
			sourceTree = "<group>";
		};
		24F8C9BB2E0EBD740005E9E1 /* Entities */ = {
			isa = PBXGroup;
			children = (
				24F8CA062E0F060B0005E9E1 /* AlertType.swift */,
				24F8C9FC2E0EE2500005E9E1 /* APIError.swift */,
				24F8CA022E0EFD1A0005E9E1 /* CoinModel.swift */,
				24F8CA0F2E0FD4100005E9E1 /* SearchCoin.swift */,
				24F8CA112E0FDC340005E9E1 /* CoinPrice.swift */,
			);
			path = Entities;
			sourceTree = "<group>";
		};
		24F8C9BC2E0EBD800005E9E1 /* Services */ = {
			isa = PBXGroup;
			children = (
				24F8C9F92E0EE1860005E9E1 /* Coins */,
			);
			path = Services;
			sourceTree = "<group>";
		};
		24F8C9BD2E0EBD8A0005E9E1 /* Repositories */ = {
			isa = PBXGroup;
			children = (
				24F8CA042E0EFED50005E9E1 /* CoinsRepository.swift */,
			);
			path = Repositories;
			sourceTree = "<group>";
		};
		24F8C9C02E0EBDEC0005E9E1 /* Presentation */ = {
			isa = PBXGroup;
			children = (
				24F8C9C12E0EBDFA0005E9E1 /* Common */,
				24F8C9C22E0EBDFF0005E9E1 /* Scenes */,
			);
			path = Presentation;
			sourceTree = "<group>";
		};
		24F8C9C12E0EBDFA0005E9E1 /* Common */ = {
			isa = PBXGroup;
			children = (
				24F8CA0D2E0F183F0005E9E1 /* SearchView.swift */,
			);
			path = Common;
			sourceTree = "<group>";
		};
		24F8C9C22E0EBDFF0005E9E1 /* Scenes */ = {
			isa = PBXGroup;
			children = (
				24F8C9C32E0EBE0B0005E9E1 /* Launch */,
				24F8C9C42E0EBFC20005E9E1 /* Root */,
				24F8C9DB2E0ED1CB0005E9E1 /* Dashboard */,
				24F8C9E62E0ED6380005E9E1 /* Home */,
				24F8C9E82E0ED65E0005E9E1 /* Favorites */,
			);
			path = Scenes;
			sourceTree = "<group>";
		};
		24F8C9C32E0EBE0B0005E9E1 /* Launch */ = {
			isa = PBXGroup;
			children = (
				24F8C9A22E0EBC850005E9E1 /* LaunchScreen.storyboard */,
			);
			path = Launch;
			sourceTree = "<group>";
		};
		24F8C9C42E0EBFC20005E9E1 /* Root */ = {
			isa = PBXGroup;
			children = (
				24F8C9D02E0EC09F0005E9E1 /* RootViewModel.swift */,
				24F8C9CE2E0EC0990005E9E1 /* RootViewController.swift */,
				24F8C9CA2E0EC0840005E9E1 /* RootRouter.swift */,
				24F8C9CC2E0EC08D0005E9E1 /* RootBuilder.swift */,
			);
			path = Root;
			sourceTree = "<group>";
		};
		24F8C9C52E0EC03D0005E9E1 /* Combine */ = {
			isa = PBXGroup;
			children = (
				24F8C9D22E0EC1730005E9E1 /* Transformer.swift */,
				24F8C9C82E0EC05B0005E9E1 /* CancelBag.swift */,
				24F8C9C62E0EC0420005E9E1 /* CombinableViewModel.swift */,
			);
			path = Combine;
			sourceTree = "<group>";
		};
		24F8C9D62E0EC2170005E9E1 /* Combine */ = {
			isa = PBXGroup;
			children = (
				24F8C9D72E0EC21B0005E9E1 /* Combine+Extensions.swift */,
			);
			path = Combine;
			sourceTree = "<group>";
		};
		24F8C9DB2E0ED1CB0005E9E1 /* Dashboard */ = {
			isa = PBXGroup;
			children = (
				24F8C9E02E0ED1FA0005E9E1 /* DashboardViewModel.swift */,
				24F8C9DF2E0ED1FA0005E9E1 /* DashboardViewController.swift */,
				24F8C9DE2E0ED1FA0005E9E1 /* DashboardRouter.swift */,
				24F8C9DC2E0ED1FA0005E9E1 /* DashboardBuilder.swift */,
			);
			path = Dashboard;
			sourceTree = "<group>";
		};
		24F8C9E62E0ED6380005E9E1 /* Home */ = {
			isa = PBXGroup;
			children = (
				24F8CA0A2E0F14200005E9E1 /* Views */,
				24F8C9E92E0ED6BA0005E9E1 /* HomeViewModel.swift */,
				24F8C9EA2E0ED6BA0005E9E1 /* HomeViewController.swift */,
				24F8C9EB2E0ED6BA0005E9E1 /* HomeRouter.swift */,
				24F8C9EC2E0ED6BA0005E9E1 /* HomeBuilder.swift */,
			);
			path = Home;
			sourceTree = "<group>";
		};
		24F8C9E82E0ED65E0005E9E1 /* Favorites */ = {
			isa = PBXGroup;
			children = (
				24F8CA212E1066CD0005E9E1 /* Views */,
				24F8C9F12E0ED8750005E9E1 /* FavoritesViewModel.swift */,
				24F8C9F22E0ED8750005E9E1 /* FavoritesViewController.swift */,
				24F8C9F32E0ED8750005E9E1 /* FavoritesRouter.swift */,
				24F8C9F42E0ED8750005E9E1 /* FavoritesBuilder.swift */,
			);
			path = Favorites;
			sourceTree = "<group>";
		};
		24F8C9F92E0EE1860005E9E1 /* Coins */ = {
			isa = PBXGroup;
			children = (
				24F8C9FA2E0EE18D0005E9E1 /* CoinsTargetType.swift */,
				24F8C9FE2E0EE25C0005E9E1 /* CoinsAPIService.swift */,
			);
			path = Coins;
			sourceTree = "<group>";
		};
		24F8CA0A2E0F14200005E9E1 /* Views */ = {
			isa = PBXGroup;
			children = (
				24F8CA0B2E0F14330005E9E1 /* HomeCoinTableViewCell.swift */,
			);
			path = Views;
			sourceTree = "<group>";
		};
		24F8CA132E0FEE590005E9E1 /* Services */ = {
			isa = PBXGroup;
			children = (
				24F8CA262E11C18C0005E9E1 /* CoinFilteringService.swift */,
				24F8CA242E11C12A0005E9E1 /* CoinSortingService.swift */,
				24F8CA1D2E10387F0005E9E1 /* FavoritesStore.swift */,
				24F8CA142E0FEE650005E9E1 /* CoinCash.swift */,
			);
			path = Services;
			sourceTree = "<group>";
		};
		24F8CA212E1066CD0005E9E1 /* Views */ = {
			isa = PBXGroup;
			children = (
				24F8CA222E1066D20005E9E1 /* FavoritesCoinTableViewCell.swift */,
			);
			path = Views;
			sourceTree = "<group>";
		};
		59C2E4668D2F27DF9D5E6D85 /* Frameworks */ = {
			isa = PBXGroup;
			children = (
				9F2C0088F1C5E540CE0DCD24 /* Pods_CryptoTracker.framework */,
			);
			name = Frameworks;
			sourceTree = "<group>";
		};
		7F88A1E984F34868EB9CCDD1 /* Pods */ = {
			isa = PBXGroup;
			children = (
				0476C91DBEFE9B0D092363A5 /* Pods-CryptoTracker.debug.xcconfig */,
				9D82505E230373A2EBD85E8A /* Pods-CryptoTracker.release.xcconfig */,
			);
			path = Pods;
			sourceTree = "<group>";
		};
/* End PBXGroup section */

/* Begin PBXNativeTarget section */
		24F8C9752E0EB9A10005E9E1 /* CryptoTracker */ = {
			isa = PBXNativeTarget;
			buildConfigurationList = 24F8C9892E0EB9A20005E9E1 /* Build configuration list for PBXNativeTarget "CryptoTracker" */;
			buildPhases = (
				2F0D617E90AE41A4B3B3C1BC /* [CP] Check Pods Manifest.lock */,
				24F8C9722E0EB9A10005E9E1 /* Sources */,
				24F8C9732E0EB9A10005E9E1 /* Frameworks */,
				24F8C9742E0EB9A10005E9E1 /* Resources */,
				EB468FC659BDC8CEF06088B1 /* [CP] Embed Pods Frameworks */,
			);
			buildRules = (
			);
			dependencies = (
			);
			name = CryptoTracker;
			productName = CryptoTracker;
			productReference = 24F8C9762E0EB9A10005E9E1 /* CryptoTracker.app */;
			productType = "com.apple.product-type.application";
		};
/* End PBXNativeTarget section */

/* Begin PBXProject section */
		24F8C96E2E0EB9A10005E9E1 /* Project object */ = {
			isa = PBXProject;
			attributes = {
				BuildIndependentTargetsInParallel = 1;
				LastSwiftUpdateCheck = 1620;
				LastUpgradeCheck = 1620;
				TargetAttributes = {
					24F8C9752E0EB9A10005E9E1 = {
						CreatedOnToolsVersion = 16.2;
					};
				};
			};
			buildConfigurationList = 24F8C9712E0EB9A10005E9E1 /* Build configuration list for PBXProject "CryptoTracker" */;
			developmentRegion = en;
			hasScannedForEncodings = 0;
			knownRegions = (
				en,
				Base,
			);
			mainGroup = 24F8C96D2E0EB9A10005E9E1;
			minimizedProjectReferenceProxies = 1;
			preferredProjectObjectVersion = 77;
			productRefGroup = 24F8C9772E0EB9A10005E9E1 /* Products */;
			projectDirPath = "";
			projectRoot = "";
			targets = (
				24F8C9752E0EB9A10005E9E1 /* CryptoTracker */,
			);
		};
/* End PBXProject section */

/* Begin PBXResourcesBuildPhase section */
		24F8C9742E0EB9A10005E9E1 /* Resources */ = {
			isa = PBXResourcesBuildPhase;
			buildActionMask = 2147483647;
			files = (
				24F8C9B22E0EBCDA0005E9E1 /* Colors.xcassets in Resources */,
				24F8C9AB2E0EBC850005E9E1 /* Images.xcassets in Resources */,
				24F8C9AD2E0EBC850005E9E1 /* LaunchScreen.storyboard in Resources */,
			);
			runOnlyForDeploymentPostprocessing = 0;
		};
/* End PBXResourcesBuildPhase section */

/* Begin PBXShellScriptBuildPhase section */
		2F0D617E90AE41A4B3B3C1BC /* [CP] Check Pods Manifest.lock */ = {
			isa = PBXShellScriptBuildPhase;
			buildActionMask = 2147483647;
			files = (
			);
			inputFileListPaths = (
			);
			inputPaths = (
				"${PODS_PODFILE_DIR_PATH}/Podfile.lock",
				"${PODS_ROOT}/Manifest.lock",
			);
			name = "[CP] Check Pods Manifest.lock";
			outputFileListPaths = (
			);
			outputPaths = (
				"$(DERIVED_FILE_DIR)/Pods-CryptoTracker-checkManifestLockResult.txt",
			);
			runOnlyForDeploymentPostprocessing = 0;
			shellPath = /bin/sh;
			shellScript = "diff \"${PODS_PODFILE_DIR_PATH}/Podfile.lock\" \"${PODS_ROOT}/Manifest.lock\" > /dev/null\nif [ $? != 0 ] ; then\n    # print error to STDERR\n    echo \"error: The sandbox is not in sync with the Podfile.lock. Run 'pod install' or update your CocoaPods installation.\" >&2\n    exit 1\nfi\n# This output is used by Xcode 'outputs' to avoid re-running this script phase.\necho \"SUCCESS\" > \"${SCRIPT_OUTPUT_FILE_0}\"\n";
			showEnvVarsInLog = 0;
		};
		EB468FC659BDC8CEF06088B1 /* [CP] Embed Pods Frameworks */ = {
			isa = PBXShellScriptBuildPhase;
			buildActionMask = 2147483647;
			files = (
			);
			inputFileListPaths = (
				"${PODS_ROOT}/Target Support Files/Pods-CryptoTracker/Pods-CryptoTracker-frameworks-${CONFIGURATION}-input-files.xcfilelist",
			);
			name = "[CP] Embed Pods Frameworks";
			outputFileListPaths = (
				"${PODS_ROOT}/Target Support Files/Pods-CryptoTracker/Pods-CryptoTracker-frameworks-${CONFIGURATION}-output-files.xcfilelist",
			);
			runOnlyForDeploymentPostprocessing = 0;
			shellPath = /bin/sh;
			shellScript = "\"${PODS_ROOT}/Target Support Files/Pods-CryptoTracker/Pods-CryptoTracker-frameworks.sh\"\n";
			showEnvVarsInLog = 0;
		};
/* End PBXShellScriptBuildPhase section */

/* Begin PBXSourcesBuildPhase section */
		24F8C9722E0EB9A10005E9E1 /* Sources */ = {
			isa = PBXSourcesBuildPhase;
			buildActionMask = 2147483647;
			files = (
				24F8CA0C2E0F14420005E9E1 /* HomeCoinTableViewCell.swift in Sources */,
				24F8C9CF2E0EC09C0005E9E1 /* RootViewController.swift in Sources */,
				24F8C9CB2E0EC0890005E9E1 /* RootRouter.swift in Sources */,
				24F8C9FF2E0EE2630005E9E1 /* CoinsAPIService.swift in Sources */,
				24F8C9A82E0EBC850005E9E1 /* AppDelegate.swift in Sources */,
				24F8CA152E0FEE690005E9E1 /* CoinCash.swift in Sources */,
				24F8CA072E0F060F0005E9E1 /* AlertType.swift in Sources */,
				24F8CA0E2E0F18410005E9E1 /* SearchView.swift in Sources */,
				24F8C9BF2E0EBDD20005E9E1 /* AppContext.swift in Sources */,
				24F8CA202E103BCC0005E9E1 /* CoinUIModel.swift in Sources */,
				24F8CA1A2E1016F10005E9E1 /* SortOptionType.swift in Sources */,
				24F8CA1C2E10171C0005E9E1 /* FilterOptionType.swift in Sources */,
				24F8C9E12E0ED1FA0005E9E1 /* DashboardRouter.swift in Sources */,
				24F8C9ED2E0ED6BA0005E9E1 /* HomeBuilder.swift in Sources */,
				24F8CA272E11C1990005E9E1 /* CoinFilteringService.swift in Sources */,
				24F8CA182E0FF8CF0005E9E1 /* CoinCacheWrapper.swift in Sources */,
				24F8C9EE2E0ED6BA0005E9E1 /* HomeRouter.swift in Sources */,
				24F8C9F52E0ED8750005E9E1 /* FavoritesRouter.swift in Sources */,
				24F8C9F62E0ED8750005E9E1 /* FavoritesViewModel.swift in Sources */,
				24F8CA032E0EFD1E0005E9E1 /* CoinModel.swift in Sources */,
				24F8C9F72E0ED8750005E9E1 /* FavoritesViewController.swift in Sources */,
				24F8C9F82E0ED8750005E9E1 /* FavoritesBuilder.swift in Sources */,
				24F8CA1E2E1038810005E9E1 /* FavoritesStore.swift in Sources */,
				24F8CA102E0FD41A0005E9E1 /* SearchCoin.swift in Sources */,
				24F8C9EF2E0ED6BA0005E9E1 /* HomeViewController.swift in Sources */,
				24F8C9F02E0ED6BA0005E9E1 /* HomeViewModel.swift in Sources */,
				24F8C9FD2E0EE2530005E9E1 /* APIError.swift in Sources */,
				24F8C9E22E0ED1FA0005E9E1 /* DashboardViewController.swift in Sources */,
				24F8C9E32E0ED1FA0005E9E1 /* DashboardViewModel.swift in Sources */,
				24F8C9E52E0ED1FA0005E9E1 /* DashboardBuilder.swift in Sources */,
				24F8CA052E0EFED90005E9E1 /* CoinsRepository.swift in Sources */,
				24F8C9FB2E0EE1950005E9E1 /* CoinsTargetType.swift in Sources */,
				24F8C9A92E0EBC850005E9E1 /* SceneDelegate.swift in Sources */,
				24F8C9D52E0EC19A0005E9E1 /* ReuseIdentifiable.swift in Sources */,
				24F8C9C72E0EC0470005E9E1 /* CombinableViewModel.swift in Sources */,
				24F8C9D32E0EC1760005E9E1 /* Transformer.swift in Sources */,
				24F8CA252E11C1320005E9E1 /* CoinSortingService.swift in Sources */,
				24F8C9CD2E0EC0910005E9E1 /* RootBuilder.swift in Sources */,
				24F8CA092E0F08F10005E9E1 /* UIViewController+Extensions.swift in Sources */,
				24F8C9D12E0EC0A30005E9E1 /* RootViewModel.swift in Sources */,
				24F8C9D82E0EC21C0005E9E1 /* Combine+Extensions.swift in Sources */,
				24F8C9C92E0EC05D0005E9E1 /* CancelBag.swift in Sources */,
				24F8CA122E0FDC390005E9E1 /* CoinPrice.swift in Sources */,
				24F8C9B72E0EBD330005E9E1 /* AppConstants.swift in Sources */,
				24F8CA232E1066DD0005E9E1 /* FavoritesCoinTableViewCell.swift in Sources */,
			);
			runOnlyForDeploymentPostprocessing = 0;
		};
/* End PBXSourcesBuildPhase section */

/* Begin PBXVariantGroup section */
		24F8C9A22E0EBC850005E9E1 /* LaunchScreen.storyboard */ = {
			isa = PBXVariantGroup;
			children = (
				24F8C9A12E0EBC850005E9E1 /* Base */,
			);
			name = LaunchScreen.storyboard;
			sourceTree = "<group>";
		};
/* End PBXVariantGroup section */

/* Begin XCBuildConfiguration section */
		24F8C98A2E0EB9A20005E9E1 /* Debug */ = {
			isa = XCBuildConfiguration;
			baseConfigurationReference = 0476C91DBEFE9B0D092363A5 /* Pods-CryptoTracker.debug.xcconfig */;
			buildSettings = {
				ASSETCATALOG_COMPILER_APPICON_NAME = AppIcon;
				ASSETCATALOG_COMPILER_GLOBAL_ACCENT_COLOR_NAME = AccentColor;
				CODE_SIGN_STYLE = Automatic;
				CURRENT_PROJECT_VERSION = 1;
				DEVELOPMENT_TEAM = BQ6NP8MN8H;
				ENABLE_USER_SCRIPT_SANDBOXING = NO;
				GENERATE_INFOPLIST_FILE = YES;
				INFOPLIST_FILE = CryptoTracker/Info.plist;
				INFOPLIST_KEY_UIApplicationSupportsIndirectInputEvents = YES;
				INFOPLIST_KEY_UILaunchStoryboardName = LaunchScreen;
				INFOPLIST_KEY_UIMainStoryboardFile = "";
				INFOPLIST_KEY_UISupportedInterfaceOrientations_iPad = "UIInterfaceOrientationPortrait UIInterfaceOrientationPortraitUpsideDown UIInterfaceOrientationLandscapeLeft UIInterfaceOrientationLandscapeRight";
				INFOPLIST_KEY_UISupportedInterfaceOrientations_iPhone = "UIInterfaceOrientationPortrait UIInterfaceOrientationLandscapeLeft UIInterfaceOrientationLandscapeRight";
				LD_RUNPATH_SEARCH_PATHS = (
					"$(inherited)",
					"@executable_path/Frameworks",
				);
				MARKETING_VERSION = 1.0;
				PRODUCT_BUNDLE_IDENTIFIER = com.dimaNosko.CryptoTracker;
				PRODUCT_NAME = "$(TARGET_NAME)";
				SWIFT_EMIT_LOC_STRINGS = YES;
				SWIFT_VERSION = 5.0;
				TARGETED_DEVICE_FAMILY = "1,2";
			};
			name = Debug;
		};
		24F8C98B2E0EB9A20005E9E1 /* Release */ = {
			isa = XCBuildConfiguration;
			baseConfigurationReference = 9D82505E230373A2EBD85E8A /* Pods-CryptoTracker.release.xcconfig */;
			buildSettings = {
				ASSETCATALOG_COMPILER_APPICON_NAME = AppIcon;
				ASSETCATALOG_COMPILER_GLOBAL_ACCENT_COLOR_NAME = AccentColor;
				CODE_SIGN_STYLE = Automatic;
				CURRENT_PROJECT_VERSION = 1;
				DEVELOPMENT_TEAM = BQ6NP8MN8H;
				ENABLE_USER_SCRIPT_SANDBOXING = NO;
				GENERATE_INFOPLIST_FILE = YES;
				INFOPLIST_FILE = CryptoTracker/Info.plist;
				INFOPLIST_KEY_UIApplicationSupportsIndirectInputEvents = YES;
				INFOPLIST_KEY_UILaunchStoryboardName = LaunchScreen;
				INFOPLIST_KEY_UIMainStoryboardFile = "";
				INFOPLIST_KEY_UISupportedInterfaceOrientations_iPad = "UIInterfaceOrientationPortrait UIInterfaceOrientationPortraitUpsideDown UIInterfaceOrientationLandscapeLeft UIInterfaceOrientationLandscapeRight";
				INFOPLIST_KEY_UISupportedInterfaceOrientations_iPhone = "UIInterfaceOrientationPortrait UIInterfaceOrientationLandscapeLeft UIInterfaceOrientationLandscapeRight";
				LD_RUNPATH_SEARCH_PATHS = (
					"$(inherited)",
					"@executable_path/Frameworks",
				);
				MARKETING_VERSION = 1.0;
				PRODUCT_BUNDLE_IDENTIFIER = com.dimaNosko.CryptoTracker;
				PRODUCT_NAME = "$(TARGET_NAME)";
				SWIFT_EMIT_LOC_STRINGS = YES;
				SWIFT_VERSION = 5.0;
				TARGETED_DEVICE_FAMILY = "1,2";
			};
			name = Release;
		};
		24F8C98C2E0EB9A20005E9E1 /* Debug */ = {
			isa = XCBuildConfiguration;
			buildSettings = {
				ALWAYS_SEARCH_USER_PATHS = NO;
				ASSETCATALOG_COMPILER_GENERATE_SWIFT_ASSET_SYMBOL_EXTENSIONS = YES;
				CLANG_ANALYZER_NONNULL = YES;
				CLANG_ANALYZER_NUMBER_OBJECT_CONVERSION = YES_AGGRESSIVE;
				CLANG_CXX_LANGUAGE_STANDARD = "gnu++20";
				CLANG_ENABLE_MODULES = YES;
				CLANG_ENABLE_OBJC_ARC = YES;
				CLANG_ENABLE_OBJC_WEAK = YES;
				CLANG_WARN_BLOCK_CAPTURE_AUTORELEASING = YES;
				CLANG_WARN_BOOL_CONVERSION = YES;
				CLANG_WARN_COMMA = YES;
				CLANG_WARN_CONSTANT_CONVERSION = YES;
				CLANG_WARN_DEPRECATED_OBJC_IMPLEMENTATIONS = YES;
				CLANG_WARN_DIRECT_OBJC_ISA_USAGE = YES_ERROR;
				CLANG_WARN_DOCUMENTATION_COMMENTS = YES;
				CLANG_WARN_EMPTY_BODY = YES;
				CLANG_WARN_ENUM_CONVERSION = YES;
				CLANG_WARN_INFINITE_RECURSION = YES;
				CLANG_WARN_INT_CONVERSION = YES;
				CLANG_WARN_NON_LITERAL_NULL_CONVERSION = YES;
				CLANG_WARN_OBJC_IMPLICIT_RETAIN_SELF = YES;
				CLANG_WARN_OBJC_LITERAL_CONVERSION = YES;
				CLANG_WARN_OBJC_ROOT_CLASS = YES_ERROR;
				CLANG_WARN_QUOTED_INCLUDE_IN_FRAMEWORK_HEADER = YES;
				CLANG_WARN_RANGE_LOOP_ANALYSIS = YES;
				CLANG_WARN_STRICT_PROTOTYPES = YES;
				CLANG_WARN_SUSPICIOUS_MOVE = YES;
				CLANG_WARN_UNGUARDED_AVAILABILITY = YES_AGGRESSIVE;
				CLANG_WARN_UNREACHABLE_CODE = YES;
				CLANG_WARN__DUPLICATE_METHOD_MATCH = YES;
				COPY_PHASE_STRIP = NO;
				DEBUG_INFORMATION_FORMAT = dwarf;
				ENABLE_STRICT_OBJC_MSGSEND = YES;
				ENABLE_TESTABILITY = YES;
				ENABLE_USER_SCRIPT_SANDBOXING = YES;
				GCC_C_LANGUAGE_STANDARD = gnu17;
				GCC_DYNAMIC_NO_PIC = NO;
				GCC_NO_COMMON_BLOCKS = YES;
				GCC_OPTIMIZATION_LEVEL = 0;
				GCC_PREPROCESSOR_DEFINITIONS = (
					"DEBUG=1",
					"$(inherited)",
				);
				GCC_WARN_64_TO_32_BIT_CONVERSION = YES;
				GCC_WARN_ABOUT_RETURN_TYPE = YES_ERROR;
				GCC_WARN_UNDECLARED_SELECTOR = YES;
				GCC_WARN_UNINITIALIZED_AUTOS = YES_AGGRESSIVE;
				GCC_WARN_UNUSED_FUNCTION = YES;
				GCC_WARN_UNUSED_VARIABLE = YES;
				IPHONEOS_DEPLOYMENT_TARGET = 18.2;
				LOCALIZATION_PREFERS_STRING_CATALOGS = YES;
				MTL_ENABLE_DEBUG_INFO = INCLUDE_SOURCE;
				MTL_FAST_MATH = YES;
				ONLY_ACTIVE_ARCH = YES;
				SDKROOT = iphoneos;
				SWIFT_ACTIVE_COMPILATION_CONDITIONS = "DEBUG $(inherited)";
				SWIFT_OPTIMIZATION_LEVEL = "-Onone";
			};
			name = Debug;
		};
		24F8C98D2E0EB9A20005E9E1 /* Release */ = {
			isa = XCBuildConfiguration;
			buildSettings = {
				ALWAYS_SEARCH_USER_PATHS = NO;
				ASSETCATALOG_COMPILER_GENERATE_SWIFT_ASSET_SYMBOL_EXTENSIONS = YES;
				CLANG_ANALYZER_NONNULL = YES;
				CLANG_ANALYZER_NUMBER_OBJECT_CONVERSION = YES_AGGRESSIVE;
				CLANG_CXX_LANGUAGE_STANDARD = "gnu++20";
				CLANG_ENABLE_MODULES = YES;
				CLANG_ENABLE_OBJC_ARC = YES;
				CLANG_ENABLE_OBJC_WEAK = YES;
				CLANG_WARN_BLOCK_CAPTURE_AUTORELEASING = YES;
				CLANG_WARN_BOOL_CONVERSION = YES;
				CLANG_WARN_COMMA = YES;
				CLANG_WARN_CONSTANT_CONVERSION = YES;
				CLANG_WARN_DEPRECATED_OBJC_IMPLEMENTATIONS = YES;
				CLANG_WARN_DIRECT_OBJC_ISA_USAGE = YES_ERROR;
				CLANG_WARN_DOCUMENTATION_COMMENTS = YES;
				CLANG_WARN_EMPTY_BODY = YES;
				CLANG_WARN_ENUM_CONVERSION = YES;
				CLANG_WARN_INFINITE_RECURSION = YES;
				CLANG_WARN_INT_CONVERSION = YES;
				CLANG_WARN_NON_LITERAL_NULL_CONVERSION = YES;
				CLANG_WARN_OBJC_IMPLICIT_RETAIN_SELF = YES;
				CLANG_WARN_OBJC_LITERAL_CONVERSION = YES;
				CLANG_WARN_OBJC_ROOT_CLASS = YES_ERROR;
				CLANG_WARN_QUOTED_INCLUDE_IN_FRAMEWORK_HEADER = YES;
				CLANG_WARN_RANGE_LOOP_ANALYSIS = YES;
				CLANG_WARN_STRICT_PROTOTYPES = YES;
				CLANG_WARN_SUSPICIOUS_MOVE = YES;
				CLANG_WARN_UNGUARDED_AVAILABILITY = YES_AGGRESSIVE;
				CLANG_WARN_UNREACHABLE_CODE = YES;
				CLANG_WARN__DUPLICATE_METHOD_MATCH = YES;
				COPY_PHASE_STRIP = NO;
				DEBUG_INFORMATION_FORMAT = "dwarf-with-dsym";
				ENABLE_NS_ASSERTIONS = NO;
				ENABLE_STRICT_OBJC_MSGSEND = YES;
				ENABLE_USER_SCRIPT_SANDBOXING = YES;
				GCC_C_LANGUAGE_STANDARD = gnu17;
				GCC_NO_COMMON_BLOCKS = YES;
				GCC_WARN_64_TO_32_BIT_CONVERSION = YES;
				GCC_WARN_ABOUT_RETURN_TYPE = YES_ERROR;
				GCC_WARN_UNDECLARED_SELECTOR = YES;
				GCC_WARN_UNINITIALIZED_AUTOS = YES_AGGRESSIVE;
				GCC_WARN_UNUSED_FUNCTION = YES;
				GCC_WARN_UNUSED_VARIABLE = YES;
				IPHONEOS_DEPLOYMENT_TARGET = 18.2;
				LOCALIZATION_PREFERS_STRING_CATALOGS = YES;
				MTL_ENABLE_DEBUG_INFO = NO;
				MTL_FAST_MATH = YES;
				SDKROOT = iphoneos;
				SWIFT_COMPILATION_MODE = wholemodule;
				VALIDATE_PRODUCT = YES;
			};
			name = Release;
		};
/* End XCBuildConfiguration section */

/* Begin XCConfigurationList section */
		24F8C9712E0EB9A10005E9E1 /* Build configuration list for PBXProject "CryptoTracker" */ = {
			isa = XCConfigurationList;
			buildConfigurations = (
				24F8C98C2E0EB9A20005E9E1 /* Debug */,
				24F8C98D2E0EB9A20005E9E1 /* Release */,
			);
			defaultConfigurationIsVisible = 0;
			defaultConfigurationName = Release;
		};
		24F8C9892E0EB9A20005E9E1 /* Build configuration list for PBXNativeTarget "CryptoTracker" */ = {
			isa = XCConfigurationList;
			buildConfigurations = (
				24F8C98A2E0EB9A20005E9E1 /* Debug */,
				24F8C98B2E0EB9A20005E9E1 /* Release */,
			);
			defaultConfigurationIsVisible = 0;
			defaultConfigurationName = Release;
		};
/* End XCConfigurationList section */
	};
	rootObject = 24F8C96E2E0EB9A10005E9E1 /* Project object */;
}
